
Microsoft Visual Studio Solution File, Format Version 12.00
# Visual Studio Version 17
VisualStudioVersion = 17.0.32014.148
MinimumVisualStudioVersion = 10.0.40219.1
Project("{9A19103F-16F7-4668-BE54-9A1E7A4F7556}") = "Mosaic.TilesApi", "Mosaic.TilesApi\Mosaic.TilesApi.csproj", "{90AFD52F-695A-4B0B-BF38-5C325A179564}"
EndProject
Project("{9A19103F-16F7-4668-BE54-9A1E7A4F7556}") = "Mosaic.MosaicApi", "Mosaic.MosaicApi\Mosaic.MosaicApi.csproj", "{DEEC63E6-8188-4026-86F9-2C080034F920}"
EndProject
Project("{9A19103F-16F7-4668-BE54-9A1E7A4F7556}") = "Mosaic.MosaicGenerator", "Mosaic.MosaicGenerator\Mosaic.MosaicGenerator.csproj", "{AA58CC84-C025-4D03-87A9-6A72D7AD41D8}"
EndProject
Project("{9A19103F-16F7-4668-BE54-9A1E7A4F7556}") = "Mosaic.TileProcessor", "Mosaic.TileProcessor\Mosaic.TileProcessor.csproj", "{BADBB932-FEA4-4E2C-82BB-1DDB338687A0}"
EndProject
Project("{2150E333-8FDC-42A3-9474-1A3956D46DE8}") = "Solution Items", "Solution Items", "{26976739-27AB-48C0-8364-0CAEDA764A6F}"
	ProjectSection(SolutionItems) = preProject
		components\config.yaml = components\config.yaml
		components\mosaicstate.yaml = components\mosaicstate.yaml
		components\mosaicstorage.yaml = components\mosaicstorage.yaml
		components\pubsub.yaml = components\pubsub.yaml
		components\secrets.json = components\secrets.json
		components\secrets.yaml = components\secrets.yaml
		components\tilestorage.yaml = components\tilestorage.yaml
		tye.yaml = tye.yaml
	EndProjectSection
EndProject
Project("{9A19103F-16F7-4668-BE54-9A1E7A4F7556}") = "Mosaic.TilesApi.Shared", "Mosaic.TilesApi.Events\Mosaic.TilesApi.Shared.csproj", "{DB464EC3-C5EE-4E90-9189-F3456DCDACA4}"
EndProject
Project("{E53339B2-1760-4266-BCC7-CA923CBCF16C}") = "docker-compose", "docker-compose.dcproj", "{49C39988-D164-4930-BB2A-EBA630E42717}"
EndProject
Project("{9A19103F-16F7-4668-BE54-9A1E7A4F7556}") = "Mosaic.ImageAnalysis", "Mosaic.ImageAnalysis\Mosaic.ImageAnalysis.csproj", "{C520B1AD-062E-46C9-AD44-1ACFB767DB81}"
EndProject
Project("{9A19103F-16F7-4668-BE54-9A1E7A4F7556}") = "Mosaic.ImageAnalysis.Tests", "Mosaic.ImageAnalyzer.Tests\Mosaic.ImageAnalysis.Tests.csproj", "{3F91F9A0-1739-442D-BB75-4397FEB1A517}"
EndProject
Project("{9A19103F-16F7-4668-BE54-9A1E7A4F7556}") = "Mosaic.TileSources", "Mosaic.TileSources\Mosaic.TileSources.csproj", "{4C08CB8B-5B90-4CAF-80C6-611A261CDB96}"
EndProject
Project("{9A19103F-16F7-4668-BE54-9A1E7A4F7556}") = "Mosaic.MosaicApi.Shared", "Mosaic.MosaicApi.Shared\Mosaic.MosaicApi.Shared.csproj", "{8819DA2E-9EA3-4289-8436-9DAA11F3330D}"
EndProject
Project("{9A19103F-16F7-4668-BE54-9A1E7A4F7556}") = "Mosaic.MosaicGenerator.Shared", "Mosaic.MosaicGenerator.Shared\Mosaic.MosaicGenerator.Shared.csproj", "{AD3D88F4-4248-4048-8C6C-CF79784AADC5}"
EndProject
Project("{2150E333-8FDC-42A3-9474-1A3956D46DE8}") = "envoy", "envoy", "{6CE482FC-35E0-48E8-9BF2-7C4130509DDC}"
	ProjectSection(SolutionItems) = preProject
		envoy\Dockerfile = envoy\Dockerfile
		envoy\envoy.yaml = envoy\envoy.yaml
	EndProjectSection
EndProject
Project("{2150E333-8FDC-42A3-9474-1A3956D46DE8}") = "daprcomponents", "daprcomponents", "{02D1C2FA-586D-4989-B445-04846A208533}"
	ProjectSection(SolutionItems) = preProject
		components\config.yaml = components\config.yaml
		components\mosaicstate.yaml = components\mosaicstate.yaml
		components\mosaicstorage.yaml = components\mosaicstorage.yaml
		components\pubsub.yaml = components\pubsub.yaml
		components\secrets.json = components\secrets.json
		components\secrets.yaml = components\secrets.yaml
		components\tilestorage.yaml = components\tilestorage.yaml
	EndProjectSection
EndProject
Project("{9A19103F-16F7-4668-BE54-9A1E7A4F7556}") = "Mosaic.FrontEnd.Server", "Mosaic.FrontEnd.Server\Mosaic.FrontEnd.Server.csproj", "{394B9448-9558-4B71-9B29-D14AF226E614}"
EndProject
Project("{9A19103F-16F7-4668-BE54-9A1E7A4F7556}") = "Mosaic.FrontEnd.Client", "Mosaic.FrontEnd.Client\Mosaic.FrontEnd.Client.csproj", "{749D2CBC-06B1-437B-A7FD-F13E03FAD76D}"
EndProject
Project("{9A19103F-16F7-4668-BE54-9A1E7A4F7556}") = "Mosaic.FrontEnd.Shared", "Mosaic.FrontEnd.Shared\Mosaic.FrontEnd.Shared.csproj", "{F7EE46B8-4401-4AA2-A33A-F79F395DAE45}"
EndProject
Project("{9A19103F-16F7-4668-BE54-9A1E7A4F7556}") = "Mosaic.TilesApi.Tests", "..\Mosaic.TilesApi.Tests\Mosaic.TilesApi.Tests.csproj", "{9F8A136D-EF4B-42FE-9EB5-F8A3BA94F38D}"
EndProject
Project("{9A19103F-16F7-4668-BE54-9A1E7A4F7556}") = "Mosaic.Tiles.Actors", "Mosaic.Tiles.Actors\Mosaic.Tiles.Actors.csproj", "{1FB0C304-F19C-47FF-BA7E-96877D34EC25}"
EndProject
Project("{9A19103F-16F7-4668-BE54-9A1E7A4F7556}") = "Mosaic.Tiles.Actors.Interfaces", "Mosaic.Tiles.Actors.Interfaces\Mosaic.Tiles.Actors.Interfaces.csproj", "{5EA1BFC0-2EA3-4FBB-AC82-AC59B602FAA3}"
EndProject
Global
	GlobalSection(SolutionConfigurationPlatforms) = preSolution
		Debug|Any CPU = Debug|Any CPU
		Release|Any CPU = Release|Any CPU
	EndGlobalSection
	GlobalSection(ProjectConfigurationPlatforms) = postSolution
		{90AFD52F-695A-4B0B-BF38-5C325A179564}.Debug|Any CPU.ActiveCfg = Debug|Any CPU
		{90AFD52F-695A-4B0B-BF38-5C325A179564}.Debug|Any CPU.Build.0 = Debug|Any CPU
		{90AFD52F-695A-4B0B-BF38-5C325A179564}.Release|Any CPU.ActiveCfg = Release|Any CPU
		{90AFD52F-695A-4B0B-BF38-5C325A179564}.Release|Any CPU.Build.0 = Release|Any CPU
		{DEEC63E6-8188-4026-86F9-2C080034F920}.Debug|Any CPU.ActiveCfg = Debug|Any CPU
		{DEEC63E6-8188-4026-86F9-2C080034F920}.Debug|Any CPU.Build.0 = Debug|Any CPU
		{DEEC63E6-8188-4026-86F9-2C080034F920}.Release|Any CPU.ActiveCfg = Release|Any CPU
		{DEEC63E6-8188-4026-86F9-2C080034F920}.Release|Any CPU.Build.0 = Release|Any CPU
		{AA58CC84-C025-4D03-87A9-6A72D7AD41D8}.Debug|Any CPU.ActiveCfg = Debug|Any CPU
		{AA58CC84-C025-4D03-87A9-6A72D7AD41D8}.Debug|Any CPU.Build.0 = Debug|Any CPU
		{AA58CC84-C025-4D03-87A9-6A72D7AD41D8}.Release|Any CPU.ActiveCfg = Release|Any CPU
		{AA58CC84-C025-4D03-87A9-6A72D7AD41D8}.Release|Any CPU.Build.0 = Release|Any CPU
		{BADBB932-FEA4-4E2C-82BB-1DDB338687A0}.Debug|Any CPU.ActiveCfg = Debug|Any CPU
		{BADBB932-FEA4-4E2C-82BB-1DDB338687A0}.Debug|Any CPU.Build.0 = Debug|Any CPU
		{BADBB932-FEA4-4E2C-82BB-1DDB338687A0}.Release|Any CPU.ActiveCfg = Release|Any CPU
		{BADBB932-FEA4-4E2C-82BB-1DDB338687A0}.Release|Any CPU.Build.0 = Release|Any CPU
		{DB464EC3-C5EE-4E90-9189-F3456DCDACA4}.Debug|Any CPU.ActiveCfg = Debug|Any CPU
		{DB464EC3-C5EE-4E90-9189-F3456DCDACA4}.Debug|Any CPU.Build.0 = Debug|Any CPU
		{DB464EC3-C5EE-4E90-9189-F3456DCDACA4}.Release|Any CPU.ActiveCfg = Release|Any CPU
		{DB464EC3-C5EE-4E90-9189-F3456DCDACA4}.Release|Any CPU.Build.0 = Release|Any CPU
		{49C39988-D164-4930-BB2A-EBA630E42717}.Debug|Any CPU.ActiveCfg = Debug|Any CPU
		{49C39988-D164-4930-BB2A-EBA630E42717}.Debug|Any CPU.Build.0 = Debug|Any CPU
		{49C39988-D164-4930-BB2A-EBA630E42717}.Release|Any CPU.ActiveCfg = Release|Any CPU
		{49C39988-D164-4930-BB2A-EBA630E42717}.Release|Any CPU.Build.0 = Release|Any CPU
		{C520B1AD-062E-46C9-AD44-1ACFB767DB81}.Debug|Any CPU.ActiveCfg = Debug|Any CPU
		{C520B1AD-062E-46C9-AD44-1ACFB767DB81}.Debug|Any CPU.Build.0 = Debug|Any CPU
		{C520B1AD-062E-46C9-AD44-1ACFB767DB81}.Release|Any CPU.ActiveCfg = Release|Any CPU
		{C520B1AD-062E-46C9-AD44-1ACFB767DB81}.Release|Any CPU.Build.0 = Release|Any CPU
		{3F91F9A0-1739-442D-BB75-4397FEB1A517}.Debug|Any CPU.ActiveCfg = Debug|Any CPU
		{3F91F9A0-1739-442D-BB75-4397FEB1A517}.Debug|Any CPU.Build.0 = Debug|Any CPU
		{3F91F9A0-1739-442D-BB75-4397FEB1A517}.Release|Any CPU.ActiveCfg = Release|Any CPU
		{3F91F9A0-1739-442D-BB75-4397FEB1A517}.Release|Any CPU.Build.0 = Release|Any CPU
		{4C08CB8B-5B90-4CAF-80C6-611A261CDB96}.Debug|Any CPU.ActiveCfg = Debug|Any CPU
		{4C08CB8B-5B90-4CAF-80C6-611A261CDB96}.Debug|Any CPU.Build.0 = Debug|Any CPU
		{4C08CB8B-5B90-4CAF-80C6-611A261CDB96}.Release|Any CPU.ActiveCfg = Release|Any CPU
		{4C08CB8B-5B90-4CAF-80C6-611A261CDB96}.Release|Any CPU.Build.0 = Release|Any CPU
		{8819DA2E-9EA3-4289-8436-9DAA11F3330D}.Debug|Any CPU.ActiveCfg = Debug|Any CPU
		{8819DA2E-9EA3-4289-8436-9DAA11F3330D}.Debug|Any CPU.Build.0 = Debug|Any CPU
		{8819DA2E-9EA3-4289-8436-9DAA11F3330D}.Release|Any CPU.ActiveCfg = Release|Any CPU
		{8819DA2E-9EA3-4289-8436-9DAA11F3330D}.Release|Any CPU.Build.0 = Release|Any CPU
		{AD3D88F4-4248-4048-8C6C-CF79784AADC5}.Debug|Any CPU.ActiveCfg = Debug|Any CPU
		{AD3D88F4-4248-4048-8C6C-CF79784AADC5}.Debug|Any CPU.Build.0 = Debug|Any CPU
		{AD3D88F4-4248-4048-8C6C-CF79784AADC5}.Release|Any CPU.ActiveCfg = Release|Any CPU
		{AD3D88F4-4248-4048-8C6C-CF79784AADC5}.Release|Any CPU.Build.0 = Release|Any CPU
		{394B9448-9558-4B71-9B29-D14AF226E614}.Debug|Any CPU.ActiveCfg = Debug|Any CPU
		{394B9448-9558-4B71-9B29-D14AF226E614}.Debug|Any CPU.Build.0 = Debug|Any CPU
		{394B9448-9558-4B71-9B29-D14AF226E614}.Release|Any CPU.ActiveCfg = Release|Any CPU
		{394B9448-9558-4B71-9B29-D14AF226E614}.Release|Any CPU.Build.0 = Release|Any CPU
		{749D2CBC-06B1-437B-A7FD-F13E03FAD76D}.Debug|Any CPU.ActiveCfg = Debug|Any CPU
		{749D2CBC-06B1-437B-A7FD-F13E03FAD76D}.Debug|Any CPU.Build.0 = Debug|Any CPU
		{749D2CBC-06B1-437B-A7FD-F13E03FAD76D}.Release|Any CPU.ActiveCfg = Release|Any CPU
		{749D2CBC-06B1-437B-A7FD-F13E03FAD76D}.Release|Any CPU.Build.0 = Release|Any CPU
		{F7EE46B8-4401-4AA2-A33A-F79F395DAE45}.Debug|Any CPU.ActiveCfg = Debug|Any CPU
		{F7EE46B8-4401-4AA2-A33A-F79F395DAE45}.Debug|Any CPU.Build.0 = Debug|Any CPU
		{F7EE46B8-4401-4AA2-A33A-F79F395DAE45}.Release|Any CPU.ActiveCfg = Release|Any CPU
		{F7EE46B8-4401-4AA2-A33A-F79F395DAE45}.Release|Any CPU.Build.0 = Release|Any CPU
		{9F8A136D-EF4B-42FE-9EB5-F8A3BA94F38D}.Debug|Any CPU.ActiveCfg = Debug|Any CPU
		{9F8A136D-EF4B-42FE-9EB5-F8A3BA94F38D}.Debug|Any CPU.Build.0 = Debug|Any CPU
		{9F8A136D-EF4B-42FE-9EB5-F8A3BA94F38D}.Release|Any CPU.ActiveCfg = Release|Any CPU
		{9F8A136D-EF4B-42FE-9EB5-F8A3BA94F38D}.Release|Any CPU.Build.0 = Release|Any CPU
		{1FB0C304-F19C-47FF-BA7E-96877D34EC25}.Debug|Any CPU.ActiveCfg = Debug|Any CPU
		{1FB0C304-F19C-47FF-BA7E-96877D34EC25}.Debug|Any CPU.Build.0 = Debug|Any CPU
		{1FB0C304-F19C-47FF-BA7E-96877D34EC25}.Release|Any CPU.ActiveCfg = Release|Any CPU
		{1FB0C304-F19C-47FF-BA7E-96877D34EC25}.Release|Any CPU.Build.0 = Release|Any CPU
		{5EA1BFC0-2EA3-4FBB-AC82-AC59B602FAA3}.Debug|Any CPU.ActiveCfg = Debug|Any CPU
		{5EA1BFC0-2EA3-4FBB-AC82-AC59B602FAA3}.Debug|Any CPU.Build.0 = Debug|Any CPU
		{5EA1BFC0-2EA3-4FBB-AC82-AC59B602FAA3}.Release|Any CPU.ActiveCfg = Release|Any CPU
		{5EA1BFC0-2EA3-4FBB-AC82-AC59B602FAA3}.Release|Any CPU.Build.0 = Release|Any CPU
	EndGlobalSection
	GlobalSection(SolutionProperties) = preSolution
		HideSolutionNode = FALSE
	EndGlobalSection
	GlobalSection(NestedProjects) = preSolution
		{6CE482FC-35E0-48E8-9BF2-7C4130509DDC} = {26976739-27AB-48C0-8364-0CAEDA764A6F}
		{02D1C2FA-586D-4989-B445-04846A208533} = {26976739-27AB-48C0-8364-0CAEDA764A6F}
	EndGlobalSection
	GlobalSection(ExtensibilityGlobals) = postSolution
		SolutionGuid = {36EDDBFF-B243-4C5E-856B-B268F8ECF7AD}
	EndGlobalSection
EndGlobal
