
Microsoft Visual Studio Solution File, Format Version 12.00
# Visual Studio Version 17
VisualStudioVersion = 17.0.32014.148
MinimumVisualStudioVersion = 10.0.40219.1
Project("{9A19103F-16F7-4668-BE54-9A1E7A4F7556}") = "Mosaic.TilesApi", "Mosaic.TilesApi\Mosaic.TilesApi.csproj", "{90AFD52F-695A-4B0B-BF38-5C325A179564}"
EndProject
Project("{9A19103F-16F7-4668-BE54-9A1E7A4F7556}") = "Mosaic.FrontEnd", "Mosaic.FrontEnd\Mosaic.FrontEnd.csproj", "{F65B8465-D06B-4D65-AF00-7A8B76BCDD3C}"
EndProject
Project("{9A19103F-16F7-4668-BE54-9A1E7A4F7556}") = "Mosaic.MosaicApi", "Mosaic.MosaicApi\Mosaic.MosaicApi.csproj", "{DEEC63E6-8188-4026-86F9-2C080034F920}"
EndProject
Project("{9A19103F-16F7-4668-BE54-9A1E7A4F7556}") = "Mosaic.MosaicGenerator", "Mosaic.MosaicGenerator\Mosaic.MosaicGenerator.csproj", "{AA58CC84-C025-4D03-87A9-6A72D7AD41D8}"
EndProject
Project("{9A19103F-16F7-4668-BE54-9A1E7A4F7556}") = "Mosaic.TileProcessor", "Mosaic.TileProcessor\Mosaic.TileProcessor.csproj", "{BADBB932-FEA4-4E2C-82BB-1DDB338687A0}"
EndProject
Project("{2150E333-8FDC-42A3-9474-1A3956D46DE8}") = "Solution Items", "Solution Items", "{26976739-27AB-48C0-8364-0CAEDA764A6F}"
	ProjectSection(SolutionItems) = preProject
		components\config.yaml = components\config.yaml
		components\pubsub.yaml = components\pubsub.yaml
		components\secrets.yaml = components\secrets.yaml
		components\statestore.yaml = components\statestore.yaml
		components\tilestorage.yaml = components\tilestorage.yaml
		tye.yaml = tye.yaml
	EndProjectSection
EndProject
Project("{9A19103F-16F7-4668-BE54-9A1E7A4F7556}") = "Mosaic.TilesApi.Shared", "Mosaic.TilesApi.Events\Mosaic.TilesApi.Shared.csproj", "{DB464EC3-C5EE-4E90-9189-F3456DCDACA4}"
EndProject
Project("{E53339B2-1760-4266-BCC7-CA923CBCF16C}") = "docker-compose", "docker-compose.dcproj", "{49C39988-D164-4930-BB2A-EBA630E42717}"
EndProject
Project("{9A19103F-16F7-4668-BE54-9A1E7A4F7556}") = "Mosaic.ImageAnalysis", "Mosaic.ImageAnalysis\Mosaic.ImageAnalysis.csproj", "{C520B1AD-062E-46C9-AD44-1ACFB767DB81}"
EndProject
Project("{9A19103F-16F7-4668-BE54-9A1E7A4F7556}") = "Mosaic.ImageAnalyzer.Tests", "Mosaic.ImageAnalyzer.Tests\Mosaic.ImageAnalyzer.Tests.csproj", "{3F91F9A0-1739-442D-BB75-4397FEB1A517}"
EndProject
Global
	GlobalSection(SolutionConfigurationPlatforms) = preSolution
		Debug|Any CPU = Debug|Any CPU
		Release|Any CPU = Release|Any CPU
	EndGlobalSection
	GlobalSection(ProjectConfigurationPlatforms) = postSolution
		{90AFD52F-695A-4B0B-BF38-5C325A179564}.Debug|Any CPU.ActiveCfg = Debug|Any CPU
		{90AFD52F-695A-4B0B-BF38-5C325A179564}.Debug|Any CPU.Build.0 = Debug|Any CPU
		{90AFD52F-695A-4B0B-BF38-5C325A179564}.Release|Any CPU.ActiveCfg = Release|Any CPU
		{90AFD52F-695A-4B0B-BF38-5C325A179564}.Release|Any CPU.Build.0 = Release|Any CPU
		{F65B8465-D06B-4D65-AF00-7A8B76BCDD3C}.Debug|Any CPU.ActiveCfg = Debug|Any CPU
		{F65B8465-D06B-4D65-AF00-7A8B76BCDD3C}.Debug|Any CPU.Build.0 = Debug|Any CPU
		{F65B8465-D06B-4D65-AF00-7A8B76BCDD3C}.Release|Any CPU.ActiveCfg = Release|Any CPU
		{F65B8465-D06B-4D65-AF00-7A8B76BCDD3C}.Release|Any CPU.Build.0 = Release|Any CPU
		{DEEC63E6-8188-4026-86F9-2C080034F920}.Debug|Any CPU.ActiveCfg = Debug|Any CPU
		{DEEC63E6-8188-4026-86F9-2C080034F920}.Debug|Any CPU.Build.0 = Debug|Any CPU
		{DEEC63E6-8188-4026-86F9-2C080034F920}.Release|Any CPU.ActiveCfg = Release|Any CPU
		{DEEC63E6-8188-4026-86F9-2C080034F920}.Release|Any CPU.Build.0 = Release|Any CPU
		{AA58CC84-C025-4D03-87A9-6A72D7AD41D8}.Debug|Any CPU.ActiveCfg = Debug|Any CPU
		{AA58CC84-C025-4D03-87A9-6A72D7AD41D8}.Debug|Any CPU.Build.0 = Debug|Any CPU
		{AA58CC84-C025-4D03-87A9-6A72D7AD41D8}.Release|Any CPU.ActiveCfg = Release|Any CPU
		{AA58CC84-C025-4D03-87A9-6A72D7AD41D8}.Release|Any CPU.Build.0 = Release|Any CPU
		{BADBB932-FEA4-4E2C-82BB-1DDB338687A0}.Debug|Any CPU.ActiveCfg = Debug|Any CPU
		{BADBB932-FEA4-4E2C-82BB-1DDB338687A0}.Debug|Any CPU.Build.0 = Debug|Any CPU
		{BADBB932-FEA4-4E2C-82BB-1DDB338687A0}.Release|Any CPU.ActiveCfg = Release|Any CPU
		{BADBB932-FEA4-4E2C-82BB-1DDB338687A0}.Release|Any CPU.Build.0 = Release|Any CPU
		{DB464EC3-C5EE-4E90-9189-F3456DCDACA4}.Debug|Any CPU.ActiveCfg = Debug|Any CPU
		{DB464EC3-C5EE-4E90-9189-F3456DCDACA4}.Debug|Any CPU.Build.0 = Debug|Any CPU
		{DB464EC3-C5EE-4E90-9189-F3456DCDACA4}.Release|Any CPU.ActiveCfg = Release|Any CPU
		{DB464EC3-C5EE-4E90-9189-F3456DCDACA4}.Release|Any CPU.Build.0 = Release|Any CPU
		{49C39988-D164-4930-BB2A-EBA630E42717}.Debug|Any CPU.ActiveCfg = Debug|Any CPU
		{49C39988-D164-4930-BB2A-EBA630E42717}.Debug|Any CPU.Build.0 = Debug|Any CPU
		{49C39988-D164-4930-BB2A-EBA630E42717}.Release|Any CPU.ActiveCfg = Release|Any CPU
		{49C39988-D164-4930-BB2A-EBA630E42717}.Release|Any CPU.Build.0 = Release|Any CPU
		{C520B1AD-062E-46C9-AD44-1ACFB767DB81}.Debug|Any CPU.ActiveCfg = Debug|Any CPU
		{C520B1AD-062E-46C9-AD44-1ACFB767DB81}.Debug|Any CPU.Build.0 = Debug|Any CPU
		{C520B1AD-062E-46C9-AD44-1ACFB767DB81}.Release|Any CPU.ActiveCfg = Release|Any CPU
		{C520B1AD-062E-46C9-AD44-1ACFB767DB81}.Release|Any CPU.Build.0 = Release|Any CPU
		{3F91F9A0-1739-442D-BB75-4397FEB1A517}.Debug|Any CPU.ActiveCfg = Debug|Any CPU
		{3F91F9A0-1739-442D-BB75-4397FEB1A517}.Debug|Any CPU.Build.0 = Debug|Any CPU
		{3F91F9A0-1739-442D-BB75-4397FEB1A517}.Release|Any CPU.ActiveCfg = Release|Any CPU
		{3F91F9A0-1739-442D-BB75-4397FEB1A517}.Release|Any CPU.Build.0 = Release|Any CPU
	EndGlobalSection
	GlobalSection(SolutionProperties) = preSolution
		HideSolutionNode = FALSE
	EndGlobalSection
	GlobalSection(ExtensibilityGlobals) = postSolution
		SolutionGuid = {36EDDBFF-B243-4C5E-856B-B268F8ECF7AD}
	EndGlobalSection
EndGlobal
